
Microsoft Visual Studio Solution File, Format Version 12.00
# Visual Studio Version 16
VisualStudioVersion = 16.0.31402.337
MinimumVisualStudioVersion = 10.0.40219.1
Project("{FAE04EC0-301F-11D3-BF4B-00C04F79EFBC}") = "YCherkes.SchemaRegistry.Serdes.Avro", "YCherkes.SchemaRegistry.Serdes.Avro.csproj", "{08CD2491-6EA5-45A9-9768-B88455E61499}"
EndProject
Global
	GlobalSection(SolutionConfigurationPlatforms) = preSolution
		Debug|Any CPU = Debug|Any CPU
		Release|Any CPU = Release|Any CPU
	EndGlobalSection
	GlobalSection(ProjectConfigurationPlatforms) = postSolution
		{08CD2491-6EA5-45A9-9768-B88455E61499}.Debug|Any CPU.ActiveCfg = Debug|Any CPU
		{08CD2491-6EA5-45A9-9768-B88455E61499}.Debug|Any CPU.Build.0 = Debug|Any CPU
		{08CD2491-6EA5-45A9-9768-B88455E61499}.Release|Any CPU.ActiveCfg = Release|Any CPU
		{08CD2491-6EA5-45A9-9768-B88455E61499}.Release|Any CPU.Build.0 = Release|Any CPU
	EndGlobalSection
	GlobalSection(SolutionProperties) = preSolution
		HideSolutionNode = FALSE
	EndGlobalSection
	GlobalSection(ExtensibilityGlobals) = postSolution
		SolutionGuid = {F06DA8DE-0737-4E0F-8063-1FBB89E6FD20}
	EndGlobalSection
EndGlobal
