
Microsoft Visual Studio Solution File, Format Version 12.00
# Visual Studio Version 16
VisualStudioVersion = 16.0.31402.337
MinimumVisualStudioVersion = 10.0.40219.1
Project("{9A19103F-16F7-4668-BE54-9A1E7A4F7556}") = "YCherkes.SchemaRegistry.Serdes.Avro", "YCherkes.SchemaRegistry.Serdes.Avro\YCherkes.SchemaRegistry.Serdes.Avro.csproj", "{08CD2491-6EA5-45A9-9768-B88455E61499}"
EndProject
Project("{9A19103F-16F7-4668-BE54-9A1E7A4F7556}") = "YCherkes.SchemaRegistry.Serdes.UnitTests", "YCherkes.SchemaRegistry.Serdes.UnitTests\YCherkes.SchemaRegistry.Serdes.UnitTests.csproj", "{F77A8F08-D3FC-4C07-8A14-0251ECAA9E34}"
EndProject
Project("{9A19103F-16F7-4668-BE54-9A1E7A4F7556}") = "Samples.Confluent.Kafka", "Samples\Samples.Confluent.Kafka\Samples.Confluent.Kafka.csproj", "{FBEA0CBD-B92E-40A3-A9C2-502F372DB05F}"
EndProject
Project("{2150E333-8FDC-42A3-9474-1A3956D46DE8}") = "Samples", "Samples", "{46122747-F189-418E-9FBE-32FE0C0A72DC}"
EndProject
Project("{FAE04EC0-301F-11D3-BF4B-00C04F79EFBC}") = "Samples.Akka.Streams.Kafka", "Samples\Samples.Akka.Streams.Kafka\Samples.Akka.Streams.Kafka.csproj", "{8B5AECE9-9821-4580-ABFB-492A7E5249FD}"
EndProject
Global
	GlobalSection(SolutionConfigurationPlatforms) = preSolution
		Debug|Any CPU = Debug|Any CPU
		Release|Any CPU = Release|Any CPU
	EndGlobalSection
	GlobalSection(ProjectConfigurationPlatforms) = postSolution
		{08CD2491-6EA5-45A9-9768-B88455E61499}.Debug|Any CPU.ActiveCfg = Debug|Any CPU
		{08CD2491-6EA5-45A9-9768-B88455E61499}.Debug|Any CPU.Build.0 = Debug|Any CPU
		{08CD2491-6EA5-45A9-9768-B88455E61499}.Release|Any CPU.ActiveCfg = Release|Any CPU
		{08CD2491-6EA5-45A9-9768-B88455E61499}.Release|Any CPU.Build.0 = Release|Any CPU
		{F77A8F08-D3FC-4C07-8A14-0251ECAA9E34}.Debug|Any CPU.ActiveCfg = Debug|Any CPU
		{F77A8F08-D3FC-4C07-8A14-0251ECAA9E34}.Debug|Any CPU.Build.0 = Debug|Any CPU
		{F77A8F08-D3FC-4C07-8A14-0251ECAA9E34}.Release|Any CPU.ActiveCfg = Release|Any CPU
		{F77A8F08-D3FC-4C07-8A14-0251ECAA9E34}.Release|Any CPU.Build.0 = Release|Any CPU
		{FBEA0CBD-B92E-40A3-A9C2-502F372DB05F}.Debug|Any CPU.ActiveCfg = Debug|Any CPU
		{FBEA0CBD-B92E-40A3-A9C2-502F372DB05F}.Debug|Any CPU.Build.0 = Debug|Any CPU
		{FBEA0CBD-B92E-40A3-A9C2-502F372DB05F}.Release|Any CPU.ActiveCfg = Release|Any CPU
		{FBEA0CBD-B92E-40A3-A9C2-502F372DB05F}.Release|Any CPU.Build.0 = Release|Any CPU
		{8B5AECE9-9821-4580-ABFB-492A7E5249FD}.Debug|Any CPU.ActiveCfg = Debug|Any CPU
		{8B5AECE9-9821-4580-ABFB-492A7E5249FD}.Debug|Any CPU.Build.0 = Debug|Any CPU
		{8B5AECE9-9821-4580-ABFB-492A7E5249FD}.Release|Any CPU.ActiveCfg = Release|Any CPU
		{8B5AECE9-9821-4580-ABFB-492A7E5249FD}.Release|Any CPU.Build.0 = Release|Any CPU
	EndGlobalSection
	GlobalSection(SolutionProperties) = preSolution
		HideSolutionNode = FALSE
	EndGlobalSection
	GlobalSection(NestedProjects) = preSolution
		{FBEA0CBD-B92E-40A3-A9C2-502F372DB05F} = {46122747-F189-418E-9FBE-32FE0C0A72DC}
		{8B5AECE9-9821-4580-ABFB-492A7E5249FD} = {46122747-F189-418E-9FBE-32FE0C0A72DC}
	EndGlobalSection
	GlobalSection(ExtensibilityGlobals) = postSolution
		SolutionGuid = {F06DA8DE-0737-4E0F-8063-1FBB89E6FD20}
	EndGlobalSection
EndGlobal
